
Microsoft Visual Studio Solution File, Format Version 12.00
# Visual Studio 15
VisualStudioVersion = 15.0.27004.2005
MinimumVisualStudioVersion = 10.0.40219.1
Project("{9A19103F-16F7-4668-BE54-9A1E7A4F7556}") = "Interop.SolidEdge", "Interop.SolidEdge\Interop.SolidEdge.csproj", "{7E6F84C5-949D-46FD-9993-00078AC786A0}"
	ProjectSection(ProjectDependencies) = postProject
		{DC3F2A93-E81E-479F-BCCA-FE1F1F04348B} = {DC3F2A93-E81E-479F-BCCA-FE1F1F04348B}
	EndProjectSection
EndProject
Project("{FAE04EC0-301F-11D3-BF4B-00C04F79EFBC}") = "GenerateXmlDocumentation", "GenerateXmlDocumentation\GenerateXmlDocumentation.csproj", "{DC3F2A93-E81E-479F-BCCA-FE1F1F04348B}"
EndProject
Global
	GlobalSection(SolutionConfigurationPlatforms) = preSolution
		Release|Any CPU = Release|Any CPU
	EndGlobalSection
	GlobalSection(ProjectConfigurationPlatforms) = postSolution
		{7E6F84C5-949D-46FD-9993-00078AC786A0}.Release|Any CPU.ActiveCfg = Release|Any CPU
		{7E6F84C5-949D-46FD-9993-00078AC786A0}.Release|Any CPU.Build.0 = Release|Any CPU
		{DC3F2A93-E81E-479F-BCCA-FE1F1F04348B}.Release|Any CPU.ActiveCfg = Release|Any CPU
		{DC3F2A93-E81E-479F-BCCA-FE1F1F04348B}.Release|Any CPU.Build.0 = Release|Any CPU
	EndGlobalSection
	GlobalSection(SolutionProperties) = preSolution
		HideSolutionNode = FALSE
	EndGlobalSection
	GlobalSection(ExtensibilityGlobals) = postSolution
		SolutionGuid = {965295E9-9033-4903-9238-4B432B14BCFB}
	EndGlobalSection
EndGlobal
